// !$*UTF8*$!
{
	archiveVersion = 1;
	classes = {
	};
	objectVersion = 46;
	objects = {

/* Begin PBXBuildFile section */
		3619A83B1BAB014D00314E3C /* AppDelegate.swift in Sources */ = {isa = PBXBuildFile; fileRef = 3619A83A1BAB014D00314E3C /* AppDelegate.swift */; };
		3619A83D1BAB014D00314E3C /* PedestrianStatusVC.swift in Sources */ = {isa = PBXBuildFile; fileRef = 3619A83C1BAB014D00314E3C /* PedestrianStatusVC.swift */; };
		3619A8401BAB014D00314E3C /* Main.storyboard in Resources */ = {isa = PBXBuildFile; fileRef = 3619A83E1BAB014D00314E3C /* Main.storyboard */; };
		3619A8421BAB014D00314E3C /* Assets.xcassets in Resources */ = {isa = PBXBuildFile; fileRef = 3619A8411BAB014D00314E3C /* Assets.xcassets */; };
		3619A8451BAB014D00314E3C /* LaunchScreen.storyboard in Resources */ = {isa = PBXBuildFile; fileRef = 3619A8431BAB014D00314E3C /* LaunchScreen.storyboard */; };
		3619A8501BAB014D00314E3C /* Pedestrian_StatusTests.swift in Sources */ = {isa = PBXBuildFile; fileRef = 3619A84F1BAB014D00314E3C /* Pedestrian_StatusTests.swift */; };
		3619A85B1BAB014D00314E3C /* Pedestrian_StatusUITests.swift in Sources */ = {isa = PBXBuildFile; fileRef = 3619A85A1BAB014D00314E3C /* Pedestrian_StatusUITests.swift */; };
		3646227B1F2736EB00691693 /* Double+RoundToPrecision.swift in Sources */ = {isa = PBXBuildFile; fileRef = 3646227A1F2736EB00691693 /* Double+RoundToPrecision.swift */; };
		3646227D1F27370F00691693 /* Double+LowPassFilter.swift in Sources */ = {isa = PBXBuildFile; fileRef = 3646227C1F27370F00691693 /* Double+LowPassFilter.swift */; };
		364622891F288C8800691693 /* Double+Squared.swift in Sources */ = {isa = PBXBuildFile; fileRef = 364622881F288C8800691693 /* Double+Squared.swift */; };
		3646228B1F288DE000691693 /* PedestrianStatus.swift in Sources */ = {isa = PBXBuildFile; fileRef = 3646228A1F288DE000691693 /* PedestrianStatus.swift */; };
		36544A3C1BAC0D35006FE574 /* CoreMotion.framework in Frameworks */ = {isa = PBXBuildFile; fileRef = 36544A3B1BAC0D35006FE574 /* CoreMotion.framework */; };
		3688EB141BEC98EE00117EE8 /* CoreLocation.framework in Frameworks */ = {isa = PBXBuildFile; fileRef = 3688EB131BEC98EE00117EE8 /* CoreLocation.framework */; };
		3698E7662133348A002FA149 /* DetailVC.swift in Sources */ = {isa = PBXBuildFile; fileRef = 3698E7652133348A002FA149 /* DetailVC.swift */; };
		3698E76821333CD3002FA149 /* Acceleration.swift in Sources */ = {isa = PBXBuildFile; fileRef = 3698E76721333CD3002FA149 /* Acceleration.swift */; };
		3698E76E21334488002FA149 /* PSEngine.swift in Sources */ = {isa = PBXBuildFile; fileRef = 3698E76D21334488002FA149 /* PSEngine.swift */; };
		36A26B08242118D300E87B8B /* AboutVC.swift in Sources */ = {isa = PBXBuildFile; fileRef = 36A26B07242118D300E87B8B /* AboutVC.swift */; };
		36B1AF182422350F00002AAF /* Bundle+VersionNumber.swift in Sources */ = {isa = PBXBuildFile; fileRef = 36B1AF172422350F00002AAF /* Bundle+VersionNumber.swift */; };
		36EC524120B2EEDE00F7EE39 /* Pedestrian.swift in Sources */ = {isa = PBXBuildFile; fileRef = 36EC524020B2EEDE00F7EE39 /* Pedestrian.swift */; };
/* End PBXBuildFile section */

/* Begin PBXContainerItemProxy section */
		3619A84C1BAB014D00314E3C /* PBXContainerItemProxy */ = {
			isa = PBXContainerItemProxy;
			containerPortal = 3619A82F1BAB014D00314E3C /* Project object */;
			proxyType = 1;
			remoteGlobalIDString = 3619A8361BAB014D00314E3C;
			remoteInfo = "Pedestrian Status";
		};
		3619A8571BAB014D00314E3C /* PBXContainerItemProxy */ = {
			isa = PBXContainerItemProxy;
			containerPortal = 3619A82F1BAB014D00314E3C /* Project object */;
			proxyType = 1;
			remoteGlobalIDString = 3619A8361BAB014D00314E3C;
			remoteInfo = "Pedestrian Status";
		};
/* End PBXContainerItemProxy section */

/* Begin PBXFileReference section */
		3619A8371BAB014D00314E3C /* Pedestrian Status.app */ = {isa = PBXFileReference; explicitFileType = wrapper.application; includeInIndex = 0; path = "Pedestrian Status.app"; sourceTree = BUILT_PRODUCTS_DIR; };
		3619A83A1BAB014D00314E3C /* AppDelegate.swift */ = {isa = PBXFileReference; lastKnownFileType = sourcecode.swift; path = AppDelegate.swift; sourceTree = "<group>"; };
		3619A83C1BAB014D00314E3C /* PedestrianStatusVC.swift */ = {isa = PBXFileReference; lastKnownFileType = sourcecode.swift; path = PedestrianStatusVC.swift; sourceTree = "<group>"; };
		3619A83F1BAB014D00314E3C /* Base */ = {isa = PBXFileReference; lastKnownFileType = file.storyboard; name = Base; path = Base.lproj/Main.storyboard; sourceTree = "<group>"; };
		3619A8411BAB014D00314E3C /* Assets.xcassets */ = {isa = PBXFileReference; lastKnownFileType = folder.assetcatalog; path = Assets.xcassets; sourceTree = "<group>"; };
		3619A8441BAB014D00314E3C /* Base */ = {isa = PBXFileReference; lastKnownFileType = file.storyboard; name = Base; path = Base.lproj/LaunchScreen.storyboard; sourceTree = "<group>"; };
		3619A8461BAB014D00314E3C /* Info.plist */ = {isa = PBXFileReference; lastKnownFileType = text.plist.xml; path = Info.plist; sourceTree = "<group>"; };
		3619A84B1BAB014D00314E3C /* Pedestrian StatusTests.xctest */ = {isa = PBXFileReference; explicitFileType = wrapper.cfbundle; includeInIndex = 0; path = "Pedestrian StatusTests.xctest"; sourceTree = BUILT_PRODUCTS_DIR; };
		3619A84F1BAB014D00314E3C /* Pedestrian_StatusTests.swift */ = {isa = PBXFileReference; lastKnownFileType = sourcecode.swift; path = Pedestrian_StatusTests.swift; sourceTree = "<group>"; };
		3619A8511BAB014D00314E3C /* Info.plist */ = {isa = PBXFileReference; lastKnownFileType = text.plist.xml; path = Info.plist; sourceTree = "<group>"; };
		3619A8561BAB014D00314E3C /* Pedestrian StatusUITests.xctest */ = {isa = PBXFileReference; explicitFileType = wrapper.cfbundle; includeInIndex = 0; path = "Pedestrian StatusUITests.xctest"; sourceTree = BUILT_PRODUCTS_DIR; };
		3619A85A1BAB014D00314E3C /* Pedestrian_StatusUITests.swift */ = {isa = PBXFileReference; lastKnownFileType = sourcecode.swift; path = Pedestrian_StatusUITests.swift; sourceTree = "<group>"; };
		3619A85C1BAB014D00314E3C /* Info.plist */ = {isa = PBXFileReference; lastKnownFileType = text.plist.xml; path = Info.plist; sourceTree = "<group>"; };
		3646227A1F2736EB00691693 /* Double+RoundToPrecision.swift */ = {isa = PBXFileReference; lastKnownFileType = sourcecode.swift; path = "Double+RoundToPrecision.swift"; sourceTree = "<group>"; };
		3646227C1F27370F00691693 /* Double+LowPassFilter.swift */ = {isa = PBXFileReference; lastKnownFileType = sourcecode.swift; path = "Double+LowPassFilter.swift"; sourceTree = "<group>"; };
		364622881F288C8800691693 /* Double+Squared.swift */ = {isa = PBXFileReference; lastKnownFileType = sourcecode.swift; path = "Double+Squared.swift"; sourceTree = "<group>"; };
		3646228A1F288DE000691693 /* PedestrianStatus.swift */ = {isa = PBXFileReference; lastKnownFileType = sourcecode.swift; path = PedestrianStatus.swift; sourceTree = "<group>"; };
		36544A3B1BAC0D35006FE574 /* CoreMotion.framework */ = {isa = PBXFileReference; lastKnownFileType = wrapper.framework; name = CoreMotion.framework; path = System/Library/Frameworks/CoreMotion.framework; sourceTree = SDKROOT; };
		3688EB131BEC98EE00117EE8 /* CoreLocation.framework */ = {isa = PBXFileReference; lastKnownFileType = wrapper.framework; name = CoreLocation.framework; path = System/Library/Frameworks/CoreLocation.framework; sourceTree = SDKROOT; };
		3698E7652133348A002FA149 /* DetailVC.swift */ = {isa = PBXFileReference; lastKnownFileType = sourcecode.swift; path = DetailVC.swift; sourceTree = "<group>"; };
		3698E76721333CD3002FA149 /* Acceleration.swift */ = {isa = PBXFileReference; lastKnownFileType = sourcecode.swift; path = Acceleration.swift; sourceTree = "<group>"; };
		3698E76D21334488002FA149 /* PSEngine.swift */ = {isa = PBXFileReference; lastKnownFileType = sourcecode.swift; path = PSEngine.swift; sourceTree = "<group>"; };
		36A26B07242118D300E87B8B /* AboutVC.swift */ = {isa = PBXFileReference; lastKnownFileType = sourcecode.swift; path = AboutVC.swift; sourceTree = "<group>"; };
		36B1AF172422350F00002AAF /* Bundle+VersionNumber.swift */ = {isa = PBXFileReference; lastKnownFileType = sourcecode.swift; path = "Bundle+VersionNumber.swift"; sourceTree = "<group>"; };
		36EC524020B2EEDE00F7EE39 /* Pedestrian.swift */ = {isa = PBXFileReference; lastKnownFileType = sourcecode.swift; path = Pedestrian.swift; sourceTree = "<group>"; };
/* End PBXFileReference section */

/* Begin PBXFrameworksBuildPhase section */
		3619A8341BAB014D00314E3C /* Frameworks */ = {
			isa = PBXFrameworksBuildPhase;
			buildActionMask = 2147483647;
			files = (
				3688EB141BEC98EE00117EE8 /* CoreLocation.framework in Frameworks */,
				36544A3C1BAC0D35006FE574 /* CoreMotion.framework in Frameworks */,
			);
			runOnlyForDeploymentPostprocessing = 0;
		};
		3619A8481BAB014D00314E3C /* Frameworks */ = {
			isa = PBXFrameworksBuildPhase;
			buildActionMask = 2147483647;
			files = (
			);
			runOnlyForDeploymentPostprocessing = 0;
		};
		3619A8531BAB014D00314E3C /* Frameworks */ = {
			isa = PBXFrameworksBuildPhase;
			buildActionMask = 2147483647;
			files = (
			);
			runOnlyForDeploymentPostprocessing = 0;
		};
/* End PBXFrameworksBuildPhase section */

/* Begin PBXGroup section */
		3619A82E1BAB014D00314E3C = {
			isa = PBXGroup;
			children = (
				3688EB131BEC98EE00117EE8 /* CoreLocation.framework */,
				36544A3B1BAC0D35006FE574 /* CoreMotion.framework */,
				3619A8391BAB014D00314E3C /* Pedestrian Status */,
				3619A84E1BAB014D00314E3C /* Pedestrian StatusTests */,
				3619A8591BAB014D00314E3C /* Pedestrian StatusUITests */,
				3619A8381BAB014D00314E3C /* Products */,
			);
			sourceTree = "<group>";
		};
		3619A8381BAB014D00314E3C /* Products */ = {
			isa = PBXGroup;
			children = (
				3619A8371BAB014D00314E3C /* Pedestrian Status.app */,
				3619A84B1BAB014D00314E3C /* Pedestrian StatusTests.xctest */,
				3619A8561BAB014D00314E3C /* Pedestrian StatusUITests.xctest */,
			);
			name = Products;
			sourceTree = "<group>";
		};
		3619A8391BAB014D00314E3C /* Pedestrian Status */ = {
			isa = PBXGroup;
			children = (
				36F3C4031F3CCDDA00DF4189 /* Model */,
				364622781F2736D000691693 /* Extension */,
				364622801F27375900691693 /* Other */,
				364622811F27376400691693 /* Controller */,
				3646227F1F27374E00691693 /* View */,
				3646227E1F27373E00691693 /* Store */,
			);
			path = "Pedestrian Status";
			sourceTree = "<group>";
		};
		3619A84E1BAB014D00314E3C /* Pedestrian StatusTests */ = {
			isa = PBXGroup;
			children = (
				3619A84F1BAB014D00314E3C /* Pedestrian_StatusTests.swift */,
				3619A8511BAB014D00314E3C /* Info.plist */,
			);
			path = "Pedestrian StatusTests";
			sourceTree = "<group>";
		};
		3619A8591BAB014D00314E3C /* Pedestrian StatusUITests */ = {
			isa = PBXGroup;
			children = (
				3619A85A1BAB014D00314E3C /* Pedestrian_StatusUITests.swift */,
				3619A85C1BAB014D00314E3C /* Info.plist */,
			);
			path = "Pedestrian StatusUITests";
			sourceTree = "<group>";
		};
		364622781F2736D000691693 /* Extension */ = {
			isa = PBXGroup;
			children = (
				36B1AF162422350000002AAF /* Bundle */,
				364622791F2736DA00691693 /* Double */,
			);
			path = Extension;
			sourceTree = "<group>";
		};
		364622791F2736DA00691693 /* Double */ = {
			isa = PBXGroup;
			children = (
				3646227A1F2736EB00691693 /* Double+RoundToPrecision.swift */,
				364622881F288C8800691693 /* Double+Squared.swift */,
				3646227C1F27370F00691693 /* Double+LowPassFilter.swift */,
			);
			path = Double;
			sourceTree = "<group>";
		};
		3646227E1F27373E00691693 /* Store */ = {
			isa = PBXGroup;
			children = (
				3619A8411BAB014D00314E3C /* Assets.xcassets */,
				3646228A1F288DE000691693 /* PedestrianStatus.swift */,
			);
			path = Store;
			sourceTree = "<group>";
		};
		3646227F1F27374E00691693 /* View */ = {
			isa = PBXGroup;
			children = (
				3619A83E1BAB014D00314E3C /* Main.storyboard */,
				3619A8431BAB014D00314E3C /* LaunchScreen.storyboard */,
			);
			path = View;
			sourceTree = "<group>";
		};
		364622801F27375900691693 /* Other */ = {
			isa = PBXGroup;
			children = (
				3619A83A1BAB014D00314E3C /* AppDelegate.swift */,
				3619A8461BAB014D00314E3C /* Info.plist */,
			);
			path = Other;
			sourceTree = "<group>";
		};
		364622811F27376400691693 /* Controller */ = {
			isa = PBXGroup;
			children = (
				3619A83C1BAB014D00314E3C /* PedestrianStatusVC.swift */,
				3698E7652133348A002FA149 /* DetailVC.swift */,
				36A26B07242118D300E87B8B /* AboutVC.swift */,
			);
			path = Controller;
			sourceTree = "<group>";
		};
		36B1AF162422350000002AAF /* Bundle */ = {
			isa = PBXGroup;
			children = (
				36B1AF172422350F00002AAF /* Bundle+VersionNumber.swift */,
			);
			path = Bundle;
			sourceTree = "<group>";
		};
		36F3C4031F3CCDDA00DF4189 /* Model */ = {
			isa = PBXGroup;
			children = (
				36EC524020B2EEDE00F7EE39 /* Pedestrian.swift */,
				3698E76721333CD3002FA149 /* Acceleration.swift */,
				3698E76D21334488002FA149 /* PSEngine.swift */,
			);
			path = Model;
			sourceTree = "<group>";
		};
/* End PBXGroup section */

/* Begin PBXNativeTarget section */
		3619A8361BAB014D00314E3C /* Pedestrian Status */ = {
			isa = PBXNativeTarget;
			buildConfigurationList = 3619A85F1BAB014D00314E3C /* Build configuration list for PBXNativeTarget "Pedestrian Status" */;
			buildPhases = (
				3619A8331BAB014D00314E3C /* Sources */,
				3619A8341BAB014D00314E3C /* Frameworks */,
				3619A8351BAB014D00314E3C /* Resources */,
			);
			buildRules = (
			);
			dependencies = (
			);
			name = "Pedestrian Status";
			productName = "Pedestrian Status";
			productReference = 3619A8371BAB014D00314E3C /* Pedestrian Status.app */;
			productType = "com.apple.product-type.application";
		};
		3619A84A1BAB014D00314E3C /* Pedestrian StatusTests */ = {
			isa = PBXNativeTarget;
			buildConfigurationList = 3619A8621BAB014D00314E3C /* Build configuration list for PBXNativeTarget "Pedestrian StatusTests" */;
			buildPhases = (
				3619A8471BAB014D00314E3C /* Sources */,
				3619A8481BAB014D00314E3C /* Frameworks */,
				3619A8491BAB014D00314E3C /* Resources */,
			);
			buildRules = (
			);
			dependencies = (
				3619A84D1BAB014D00314E3C /* PBXTargetDependency */,
			);
			name = "Pedestrian StatusTests";
			productName = "Pedestrian StatusTests";
			productReference = 3619A84B1BAB014D00314E3C /* Pedestrian StatusTests.xctest */;
			productType = "com.apple.product-type.bundle.unit-test";
		};
		3619A8551BAB014D00314E3C /* Pedestrian StatusUITests */ = {
			isa = PBXNativeTarget;
			buildConfigurationList = 3619A8651BAB014D00314E3C /* Build configuration list for PBXNativeTarget "Pedestrian StatusUITests" */;
			buildPhases = (
				3619A8521BAB014D00314E3C /* Sources */,
				3619A8531BAB014D00314E3C /* Frameworks */,
				3619A8541BAB014D00314E3C /* Resources */,
			);
			buildRules = (
			);
			dependencies = (
				3619A8581BAB014D00314E3C /* PBXTargetDependency */,
			);
			name = "Pedestrian StatusUITests";
			productName = "Pedestrian StatusUITests";
			productReference = 3619A8561BAB014D00314E3C /* Pedestrian StatusUITests.xctest */;
			productType = "com.apple.product-type.bundle.ui-testing";
		};
/* End PBXNativeTarget section */

/* Begin PBXProject section */
		3619A82F1BAB014D00314E3C /* Project object */ = {
			isa = PBXProject;
			attributes = {
				LastSwiftUpdateCheck = 0710;
				LastUpgradeCheck = 1020;
				ORGANIZATIONNAME = "Can Sürmeli";
				TargetAttributes = {
					3619A8361BAB014D00314E3C = {
						CreatedOnToolsVersion = 7.0;
						DevelopmentTeam = 3KDTV5NX96;
						LastSwiftMigration = 1020;
					};
					3619A84A1BAB014D00314E3C = {
						CreatedOnToolsVersion = 7.0;
						LastSwiftMigration = 1020;
						TestTargetID = 3619A8361BAB014D00314E3C;
					};
					3619A8551BAB014D00314E3C = {
						CreatedOnToolsVersion = 7.0;
						LastSwiftMigration = 1020;
						TestTargetID = 3619A8361BAB014D00314E3C;
					};
				};
			};
			buildConfigurationList = 3619A8321BAB014D00314E3C /* Build configuration list for PBXProject "Pedestrian Status" */;
			compatibilityVersion = "Xcode 3.2";
			developmentRegion = en;
			hasScannedForEncodings = 0;
			knownRegions = (
				en,
				Base,
			);
			mainGroup = 3619A82E1BAB014D00314E3C;
			productRefGroup = 3619A8381BAB014D00314E3C /* Products */;
			projectDirPath = "";
			projectRoot = "";
			targets = (
				3619A8361BAB014D00314E3C /* Pedestrian Status */,
				3619A84A1BAB014D00314E3C /* Pedestrian StatusTests */,
				3619A8551BAB014D00314E3C /* Pedestrian StatusUITests */,
			);
		};
/* End PBXProject section */

/* Begin PBXResourcesBuildPhase section */
		3619A8351BAB014D00314E3C /* Resources */ = {
			isa = PBXResourcesBuildPhase;
			buildActionMask = 2147483647;
			files = (
				3619A8451BAB014D00314E3C /* LaunchScreen.storyboard in Resources */,
				3619A8421BAB014D00314E3C /* Assets.xcassets in Resources */,
				3619A8401BAB014D00314E3C /* Main.storyboard in Resources */,
			);
			runOnlyForDeploymentPostprocessing = 0;
		};
		3619A8491BAB014D00314E3C /* Resources */ = {
			isa = PBXResourcesBuildPhase;
			buildActionMask = 2147483647;
			files = (
			);
			runOnlyForDeploymentPostprocessing = 0;
		};
		3619A8541BAB014D00314E3C /* Resources */ = {
			isa = PBXResourcesBuildPhase;
			buildActionMask = 2147483647;
			files = (
			);
			runOnlyForDeploymentPostprocessing = 0;
		};
/* End PBXResourcesBuildPhase section */

/* Begin PBXSourcesBuildPhase section */
		3619A8331BAB014D00314E3C /* Sources */ = {
			isa = PBXSourcesBuildPhase;
			buildActionMask = 2147483647;
			files = (
				3619A83D1BAB014D00314E3C /* PedestrianStatusVC.swift in Sources */,
				3646227B1F2736EB00691693 /* Double+RoundToPrecision.swift in Sources */,
				3646227D1F27370F00691693 /* Double+LowPassFilter.swift in Sources */,
				3646228B1F288DE000691693 /* PedestrianStatus.swift in Sources */,
				36EC524120B2EEDE00F7EE39 /* Pedestrian.swift in Sources */,
				36B1AF182422350F00002AAF /* Bundle+VersionNumber.swift in Sources */,
				3698E7662133348A002FA149 /* DetailVC.swift in Sources */,
				3698E76E21334488002FA149 /* PSEngine.swift in Sources */,
				364622891F288C8800691693 /* Double+Squared.swift in Sources */,
				3619A83B1BAB014D00314E3C /* AppDelegate.swift in Sources */,
				36A26B08242118D300E87B8B /* AboutVC.swift in Sources */,
				3698E76821333CD3002FA149 /* Acceleration.swift in Sources */,
			);
			runOnlyForDeploymentPostprocessing = 0;
		};
		3619A8471BAB014D00314E3C /* Sources */ = {
			isa = PBXSourcesBuildPhase;
			buildActionMask = 2147483647;
			files = (
				3619A8501BAB014D00314E3C /* Pedestrian_StatusTests.swift in Sources */,
			);
			runOnlyForDeploymentPostprocessing = 0;
		};
		3619A8521BAB014D00314E3C /* Sources */ = {
			isa = PBXSourcesBuildPhase;
			buildActionMask = 2147483647;
			files = (
				3619A85B1BAB014D00314E3C /* Pedestrian_StatusUITests.swift in Sources */,
			);
			runOnlyForDeploymentPostprocessing = 0;
		};
/* End PBXSourcesBuildPhase section */

/* Begin PBXTargetDependency section */
		3619A84D1BAB014D00314E3C /* PBXTargetDependency */ = {
			isa = PBXTargetDependency;
			target = 3619A8361BAB014D00314E3C /* Pedestrian Status */;
			targetProxy = 3619A84C1BAB014D00314E3C /* PBXContainerItemProxy */;
		};
		3619A8581BAB014D00314E3C /* PBXTargetDependency */ = {
			isa = PBXTargetDependency;
			target = 3619A8361BAB014D00314E3C /* Pedestrian Status */;
			targetProxy = 3619A8571BAB014D00314E3C /* PBXContainerItemProxy */;
		};
/* End PBXTargetDependency section */

/* Begin PBXVariantGroup section */
		3619A83E1BAB014D00314E3C /* Main.storyboard */ = {
			isa = PBXVariantGroup;
			children = (
				3619A83F1BAB014D00314E3C /* Base */,
			);
			name = Main.storyboard;
			sourceTree = "<group>";
		};
		3619A8431BAB014D00314E3C /* LaunchScreen.storyboard */ = {
			isa = PBXVariantGroup;
			children = (
				3619A8441BAB014D00314E3C /* Base */,
			);
			name = LaunchScreen.storyboard;
			sourceTree = "<group>";
		};
/* End PBXVariantGroup section */

/* Begin XCBuildConfiguration section */
		3619A85D1BAB014D00314E3C /* Debug */ = {
			isa = XCBuildConfiguration;
			buildSettings = {
				ALWAYS_SEARCH_USER_PATHS = NO;
				CLANG_CXX_LANGUAGE_STANDARD = "gnu++0x";
				CLANG_CXX_LIBRARY = "libc++";
				CLANG_ENABLE_MODULES = YES;
				CLANG_ENABLE_OBJC_ARC = YES;
				CLANG_WARN_BLOCK_CAPTURE_AUTORELEASING = YES;
				CLANG_WARN_BOOL_CONVERSION = YES;
				CLANG_WARN_COMMA = YES;
				CLANG_WARN_CONSTANT_CONVERSION = YES;
				CLANG_WARN_DEPRECATED_OBJC_IMPLEMENTATIONS = YES;
				CLANG_WARN_DIRECT_OBJC_ISA_USAGE = YES_ERROR;
				CLANG_WARN_EMPTY_BODY = YES;
				CLANG_WARN_ENUM_CONVERSION = YES;
				CLANG_WARN_INFINITE_RECURSION = YES;
				CLANG_WARN_INT_CONVERSION = YES;
				CLANG_WARN_NON_LITERAL_NULL_CONVERSION = YES;
				CLANG_WARN_OBJC_IMPLICIT_RETAIN_SELF = YES;
				CLANG_WARN_OBJC_LITERAL_CONVERSION = YES;
				CLANG_WARN_OBJC_ROOT_CLASS = YES_ERROR;
				CLANG_WARN_RANGE_LOOP_ANALYSIS = YES;
				CLANG_WARN_STRICT_PROTOTYPES = YES;
				CLANG_WARN_SUSPICIOUS_MOVE = YES;
				CLANG_WARN_UNREACHABLE_CODE = YES;
				CLANG_WARN__DUPLICATE_METHOD_MATCH = YES;
				"CODE_SIGN_IDENTITY[sdk=iphoneos*]" = "iPhone Developer";
				COPY_PHASE_STRIP = NO;
				DEBUG_INFORMATION_FORMAT = dwarf;
				ENABLE_STRICT_OBJC_MSGSEND = YES;
				ENABLE_TESTABILITY = YES;
				GCC_C_LANGUAGE_STANDARD = gnu99;
				GCC_DYNAMIC_NO_PIC = NO;
				GCC_NO_COMMON_BLOCKS = YES;
				GCC_OPTIMIZATION_LEVEL = 0;
				GCC_PREPROCESSOR_DEFINITIONS = (
					"DEBUG=1",
					"$(inherited)",
				);
				GCC_WARN_64_TO_32_BIT_CONVERSION = YES;
				GCC_WARN_ABOUT_RETURN_TYPE = YES_ERROR;
				GCC_WARN_UNDECLARED_SELECTOR = YES;
				GCC_WARN_UNINITIALIZED_AUTOS = YES_AGGRESSIVE;
				GCC_WARN_UNUSED_FUNCTION = YES;
				GCC_WARN_UNUSED_VARIABLE = YES;
				IPHONEOS_DEPLOYMENT_TARGET = 13.0;
				MTL_ENABLE_DEBUG_INFO = YES;
				ONLY_ACTIVE_ARCH = YES;
				SDKROOT = iphoneos;
				SWIFT_OPTIMIZATION_LEVEL = "-Onone";
			};
			name = Debug;
		};
		3619A85E1BAB014D00314E3C /* Release */ = {
			isa = XCBuildConfiguration;
			buildSettings = {
				ALWAYS_SEARCH_USER_PATHS = NO;
				CLANG_CXX_LANGUAGE_STANDARD = "gnu++0x";
				CLANG_CXX_LIBRARY = "libc++";
				CLANG_ENABLE_MODULES = YES;
				CLANG_ENABLE_OBJC_ARC = YES;
				CLANG_WARN_BLOCK_CAPTURE_AUTORELEASING = YES;
				CLANG_WARN_BOOL_CONVERSION = YES;
				CLANG_WARN_COMMA = YES;
				CLANG_WARN_CONSTANT_CONVERSION = YES;
				CLANG_WARN_DEPRECATED_OBJC_IMPLEMENTATIONS = YES;
				CLANG_WARN_DIRECT_OBJC_ISA_USAGE = YES_ERROR;
				CLANG_WARN_EMPTY_BODY = YES;
				CLANG_WARN_ENUM_CONVERSION = YES;
				CLANG_WARN_INFINITE_RECURSION = YES;
				CLANG_WARN_INT_CONVERSION = YES;
				CLANG_WARN_NON_LITERAL_NULL_CONVERSION = YES;
				CLANG_WARN_OBJC_IMPLICIT_RETAIN_SELF = YES;
				CLANG_WARN_OBJC_LITERAL_CONVERSION = YES;
				CLANG_WARN_OBJC_ROOT_CLASS = YES_ERROR;
				CLANG_WARN_RANGE_LOOP_ANALYSIS = YES;
				CLANG_WARN_STRICT_PROTOTYPES = YES;
				CLANG_WARN_SUSPICIOUS_MOVE = YES;
				CLANG_WARN_UNREACHABLE_CODE = YES;
				CLANG_WARN__DUPLICATE_METHOD_MATCH = YES;
				"CODE_SIGN_IDENTITY[sdk=iphoneos*]" = "iPhone Developer";
				COPY_PHASE_STRIP = NO;
				DEBUG_INFORMATION_FORMAT = "dwarf-with-dsym";
				ENABLE_NS_ASSERTIONS = NO;
				ENABLE_STRICT_OBJC_MSGSEND = YES;
				GCC_C_LANGUAGE_STANDARD = gnu99;
				GCC_NO_COMMON_BLOCKS = YES;
				GCC_WARN_64_TO_32_BIT_CONVERSION = YES;
				GCC_WARN_ABOUT_RETURN_TYPE = YES_ERROR;
				GCC_WARN_UNDECLARED_SELECTOR = YES;
				GCC_WARN_UNINITIALIZED_AUTOS = YES_AGGRESSIVE;
				GCC_WARN_UNUSED_FUNCTION = YES;
				GCC_WARN_UNUSED_VARIABLE = YES;
				IPHONEOS_DEPLOYMENT_TARGET = 13.0;
				MTL_ENABLE_DEBUG_INFO = NO;
				SDKROOT = iphoneos;
				SWIFT_OPTIMIZATION_LEVEL = "-Owholemodule";
				VALIDATE_PRODUCT = YES;
			};
			name = Release;
		};
		3619A8601BAB014D00314E3C /* Debug */ = {
			isa = XCBuildConfiguration;
			buildSettings = {
				ASSETCATALOG_COMPILER_APPICON_NAME = AppIcon;
				DEVELOPMENT_TEAM = 3KDTV5NX96;
				INFOPLIST_FILE = "$(SRCROOT)/Pedestrian Status/Other/Info.plist";
				IPHONEOS_DEPLOYMENT_TARGET = 13.0;
				LD_RUNPATH_SEARCH_PATHS = "$(inherited) @executable_path/Frameworks";
				PRODUCT_BUNDLE_IDENTIFIER = "com.can.Pedestrian-Status";
				PRODUCT_NAME = "$(TARGET_NAME)";
				SWIFT_VERSION = 5.0;
			};
			name = Debug;
		};
		3619A8611BAB014D00314E3C /* Release */ = {
			isa = XCBuildConfiguration;
			buildSettings = {
				ASSETCATALOG_COMPILER_APPICON_NAME = AppIcon;
				DEVELOPMENT_TEAM = 3KDTV5NX96;
				INFOPLIST_FILE = "$(SRCROOT)/Pedestrian Status/Other/Info.plist";
				IPHONEOS_DEPLOYMENT_TARGET = 13.0;
				LD_RUNPATH_SEARCH_PATHS = "$(inherited) @executable_path/Frameworks";
				PRODUCT_BUNDLE_IDENTIFIER = "com.can.Pedestrian-Status";
				PRODUCT_NAME = "$(TARGET_NAME)";
				SWIFT_VERSION = 5.0;
			};
			name = Release;
		};
		3619A8631BAB014D00314E3C /* Debug */ = {
			isa = XCBuildConfiguration;
			buildSettings = {
				BUNDLE_LOADER = "$(TEST_HOST)";
				INFOPLIST_FILE = "Pedestrian StatusTests/Info.plist";
				LD_RUNPATH_SEARCH_PATHS = "$(inherited) @executable_path/Frameworks @loader_path/Frameworks";
				PRODUCT_BUNDLE_IDENTIFIER = "com.can.Pedestrian-StatusTests";
				PRODUCT_NAME = "$(TARGET_NAME)";
				SWIFT_VERSION = 5.0;
				TEST_HOST = "$(BUILT_PRODUCTS_DIR)/Pedestrian Status.app/Pedestrian Status";
			};
			name = Debug;
		};
		3619A8641BAB014D00314E3C /* Release */ = {
			isa = XCBuildConfiguration;
			buildSettings = {
				BUNDLE_LOADER = "$(TEST_HOST)";
				INFOPLIST_FILE = "Pedestrian StatusTests/Info.plist";
				LD_RUNPATH_SEARCH_PATHS = "$(inherited) @executable_path/Frameworks @loader_path/Frameworks";
				PRODUCT_BUNDLE_IDENTIFIER = "com.can.Pedestrian-StatusTests";
				PRODUCT_NAME = "$(TARGET_NAME)";
				SWIFT_VERSION = 5.0;
				TEST_HOST = "$(BUILT_PRODUCTS_DIR)/Pedestrian Status.app/Pedestrian Status";
			};
			name = Release;
		};
		3619A8661BAB014D00314E3C /* Debug */ = {
			isa = XCBuildConfiguration;
			buildSettings = {
				INFOPLIST_FILE = "Pedestrian StatusUITests/Info.plist";
				LD_RUNPATH_SEARCH_PATHS = "$(inherited) @executable_path/Frameworks @loader_path/Frameworks";
				PRODUCT_BUNDLE_IDENTIFIER = "com.can.Pedestrian-StatusUITests";
				PRODUCT_NAME = "$(TARGET_NAME)";
				SWIFT_VERSION = 5.0;
				TEST_TARGET_NAME = "Pedestrian Status";
				USES_XCTRUNNER = YES;
			};
			name = Debug;
		};
		3619A8671BAB014D00314E3C /* Release */ = {
			isa = XCBuildConfiguration;
			buildSettings = {
				INFOPLIST_FILE = "Pedestrian StatusUITests/Info.plist";
				LD_RUNPATH_SEARCH_PATHS = "$(inherited) @executable_path/Frameworks @loader_path/Frameworks";
				PRODUCT_BUNDLE_IDENTIFIER = "com.can.Pedestrian-StatusUITests";
				PRODUCT_NAME = "$(TARGET_NAME)";
				SWIFT_VERSION = 5.0;
				TEST_TARGET_NAME = "Pedestrian Status";
				USES_XCTRUNNER = YES;
			};
			name = Release;
		};
/* End XCBuildConfiguration section */

/* Begin XCConfigurationList section */
		3619A8321BAB014D00314E3C /* Build configuration list for PBXProject "Pedestrian Status" */ = {
			isa = XCConfigurationList;
			buildConfigurations = (
				3619A85D1BAB014D00314E3C /* Debug */,
				3619A85E1BAB014D00314E3C /* Release */,
			);
			defaultConfigurationIsVisible = 0;
			defaultConfigurationName = Release;
		};
		3619A85F1BAB014D00314E3C /* Build configuration list for PBXNativeTarget "Pedestrian Status" */ = {
			isa = XCConfigurationList;
			buildConfigurations = (
				3619A8601BAB014D00314E3C /* Debug */,
				3619A8611BAB014D00314E3C /* Release */,
			);
			defaultConfigurationIsVisible = 0;
			defaultConfigurationName = Release;
		};
		3619A8621BAB014D00314E3C /* Build configuration list for PBXNativeTarget "Pedestrian StatusTests" */ = {
			isa = XCConfigurationList;
			buildConfigurations = (
				3619A8631BAB014D00314E3C /* Debug */,
				3619A8641BAB014D00314E3C /* Release */,
			);
			defaultConfigurationIsVisible = 0;
			defaultConfigurationName = Release;
		};
		3619A8651BAB014D00314E3C /* Build configuration list for PBXNativeTarget "Pedestrian StatusUITests" */ = {
			isa = XCConfigurationList;
			buildConfigurations = (
				3619A8661BAB014D00314E3C /* Debug */,
				3619A8671BAB014D00314E3C /* Release */,
			);
			defaultConfigurationIsVisible = 0;
			defaultConfigurationName = Release;
		};
/* End XCConfigurationList section */
	};
	rootObject = 3619A82F1BAB014D00314E3C /* Project object */;
}
