// !$*UTF8*$!
{
	archiveVersion = 1;
	classes = {
	};
	objectVersion = 46;
	objects = {

/* Begin PBXBuildFile section */
		3619A83B1BAB014D00314E3C /* AppDelegate.swift in Sources */ = {isa = PBXBuildFile; fileRef = 3619A83A1BAB014D00314E3C /* AppDelegate.swift */; };
		3619A83D1BAB014D00314E3C /* ViewController.swift in Sources */ = {isa = PBXBuildFile; fileRef = 3619A83C1BAB014D00314E3C /* ViewController.swift */; };
		3619A8401BAB014D00314E3C /* Main.storyboard in Resources */ = {isa = PBXBuildFile; fileRef = 3619A83E1BAB014D00314E3C /* Main.storyboard */; };
		3619A8421BAB014D00314E3C /* Assets.xcassets in Resources */ = {isa = PBXBuildFile; fileRef = 3619A8411BAB014D00314E3C /* Assets.xcassets */; };
		3619A8451BAB014D00314E3C /* LaunchScreen.storyboard in Resources */ = {isa = PBXBuildFile; fileRef = 3619A8431BAB014D00314E3C /* LaunchScreen.storyboard */; };
		3619A8501BAB014D00314E3C /* Pedestrian_StatusTests.swift in Sources */ = {isa = PBXBuildFile; fileRef = 3619A84F1BAB014D00314E3C /* Pedestrian_StatusTests.swift */; };
		3619A85B1BAB014D00314E3C /* Pedestrian_StatusUITests.swift in Sources */ = {isa = PBXBuildFile; fileRef = 3619A85A1BAB014D00314E3C /* Pedestrian_StatusUITests.swift */; };
/* End PBXBuildFile section */

/* Begin PBXContainerItemProxy section */
		3619A84C1BAB014D00314E3C /* PBXContainerItemProxy */ = {
			isa = PBXContainerItemProxy;
			containerPortal = 3619A82F1BAB014D00314E3C /* Project object */;
			proxyType = 1;
			remoteGlobalIDString = 3619A8361BAB014D00314E3C;
			remoteInfo = "Pedestrian Status";
		};
		3619A8571BAB014D00314E3C /* PBXContainerItemProxy */ = {
			isa = PBXContainerItemProxy;
			containerPortal = 3619A82F1BAB014D00314E3C /* Project object */;
			proxyType = 1;
			remoteGlobalIDString = 3619A8361BAB014D00314E3C;
			remoteInfo = "Pedestrian Status";
		};
/* End PBXContainerItemProxy section */

/* Begin PBXFileReference section */
		3619A8371BAB014D00314E3C /* Pedestrian Status.app */ = {isa = PBXFileReference; explicitFileType = wrapper.application; includeInIndex = 0; path = "Pedestrian Status.app"; sourceTree = BUILT_PRODUCTS_DIR; };
		3619A83A1BAB014D00314E3C /* AppDelegate.swift */ = {isa = PBXFileReference; lastKnownFileType = sourcecode.swift; path = AppDelegate.swift; sourceTree = "<group>"; };
		3619A83C1BAB014D00314E3C /* ViewController.swift */ = {isa = PBXFileReference; lastKnownFileType = sourcecode.swift; path = ViewController.swift; sourceTree = "<group>"; };
		3619A83F1BAB014D00314E3C /* Base */ = {isa = PBXFileReference; lastKnownFileType = file.storyboard; name = Base; path = Base.lproj/Main.storyboard; sourceTree = "<group>"; };
		3619A8411BAB014D00314E3C /* Assets.xcassets */ = {isa = PBXFileReference; lastKnownFileType = folder.assetcatalog; path = Assets.xcassets; sourceTree = "<group>"; };
		3619A8441BAB014D00314E3C /* Base */ = {isa = PBXFileReference; lastKnownFileType = file.storyboard; name = Base; path = Base.lproj/LaunchScreen.storyboard; sourceTree = "<group>"; };
		3619A8461BAB014D00314E3C /* Info.plist */ = {isa = PBXFileReference; lastKnownFileType = text.plist.xml; path = Info.plist; sourceTree = "<group>"; };
		3619A84B1BAB014D00314E3C /* Pedestrian StatusTests.xctest */ = {isa = PBXFileReference; explicitFileType = wrapper.cfbundle; includeInIndex = 0; path = "Pedestrian StatusTests.xctest"; sourceTree = BUILT_PRODUCTS_DIR; };
		3619A84F1BAB014D00314E3C /* Pedestrian_StatusTests.swift */ = {isa = PBXFileReference; lastKnownFileType = sourcecode.swift; path = Pedestrian_StatusTests.swift; sourceTree = "<group>"; };
		3619A8511BAB014D00314E3C /* Info.plist */ = {isa = PBXFileReference; lastKnownFileType = text.plist.xml; path = Info.plist; sourceTree = "<group>"; };
		3619A8561BAB014D00314E3C /* Pedestrian StatusUITests.xctest */ = {isa = PBXFileReference; explicitFileType = wrapper.cfbundle; includeInIndex = 0; path = "Pedestrian StatusUITests.xctest"; sourceTree = BUILT_PRODUCTS_DIR; };
		3619A85A1BAB014D00314E3C /* Pedestrian_StatusUITests.swift */ = {isa = PBXFileReference; lastKnownFileType = sourcecode.swift; path = Pedestrian_StatusUITests.swift; sourceTree = "<group>"; };
		3619A85C1BAB014D00314E3C /* Info.plist */ = {isa = PBXFileReference; lastKnownFileType = text.plist.xml; path = Info.plist; sourceTree = "<group>"; };
/* End PBXFileReference section */

/* Begin PBXFrameworksBuildPhase section */
		3619A8341BAB014D00314E3C /* Frameworks */ = {
			isa = PBXFrameworksBuildPhase;
			buildActionMask = 2147483647;
			files = (
			);
			runOnlyForDeploymentPostprocessing = 0;
		};
		3619A8481BAB014D00314E3C /* Frameworks */ = {
			isa = PBXFrameworksBuildPhase;
			buildActionMask = 2147483647;
			files = (
			);
			runOnlyForDeploymentPostprocessing = 0;
		};
		3619A8531BAB014D00314E3C /* Frameworks */ = {
			isa = PBXFrameworksBuildPhase;
			buildActionMask = 2147483647;
			files = (
			);
			runOnlyForDeploymentPostprocessing = 0;
		};
/* End PBXFrameworksBuildPhase section */

/* Begin PBXGroup section */
		3619A82E1BAB014D00314E3C = {
			isa = PBXGroup;
			children = (
				3619A8391BAB014D00314E3C /* Pedestrian Status */,
				3619A84E1BAB014D00314E3C /* Pedestrian StatusTests */,
				3619A8591BAB014D00314E3C /* Pedestrian StatusUITests */,
				3619A8381BAB014D00314E3C /* Products */,
			);
			sourceTree = "<group>";
		};
		3619A8381BAB014D00314E3C /* Products */ = {
			isa = PBXGroup;
			children = (
				3619A8371BAB014D00314E3C /* Pedestrian Status.app */,
				3619A84B1BAB014D00314E3C /* Pedestrian StatusTests.xctest */,
				3619A8561BAB014D00314E3C /* Pedestrian StatusUITests.xctest */,
			);
			name = Products;
			sourceTree = "<group>";
		};
		3619A8391BAB014D00314E3C /* Pedestrian Status */ = {
			isa = PBXGroup;
			children = (
				3619A83A1BAB014D00314E3C /* AppDelegate.swift */,
				3619A83C1BAB014D00314E3C /* ViewController.swift */,
				3619A83E1BAB014D00314E3C /* Main.storyboard */,
				3619A8411BAB014D00314E3C /* Assets.xcassets */,
				3619A8431BAB014D00314E3C /* LaunchScreen.storyboard */,
				3619A8461BAB014D00314E3C /* Info.plist */,
			);
			path = "Pedestrian Status";
			sourceTree = "<group>";
		};
		3619A84E1BAB014D00314E3C /* Pedestrian StatusTests */ = {
			isa = PBXGroup;
			children = (
				3619A84F1BAB014D00314E3C /* Pedestrian_StatusTests.swift */,
				3619A8511BAB014D00314E3C /* Info.plist */,
			);
			path = "Pedestrian StatusTests";
			sourceTree = "<group>";
		};
		3619A8591BAB014D00314E3C /* Pedestrian StatusUITests */ = {
			isa = PBXGroup;
			children = (
				3619A85A1BAB014D00314E3C /* Pedestrian_StatusUITests.swift */,
				3619A85C1BAB014D00314E3C /* Info.plist */,
			);
			path = "Pedestrian StatusUITests";
			sourceTree = "<group>";
		};
/* End PBXGroup section */

/* Begin PBXNativeTarget section */
		3619A8361BAB014D00314E3C /* Pedestrian Status */ = {
			isa = PBXNativeTarget;
			buildConfigurationList = 3619A85F1BAB014D00314E3C /* Build configuration list for PBXNativeTarget "Pedestrian Status" */;
			buildPhases = (
				3619A8331BAB014D00314E3C /* Sources */,
				3619A8341BAB014D00314E3C /* Frameworks */,
				3619A8351BAB014D00314E3C /* Resources */,
			);
			buildRules = (
			);
			dependencies = (
			);
			name = "Pedestrian Status";
			productName = "Pedestrian Status";
			productReference = 3619A8371BAB014D00314E3C /* Pedestrian Status.app */;
			productType = "com.apple.product-type.application";
		};
		3619A84A1BAB014D00314E3C /* Pedestrian StatusTests */ = {
			isa = PBXNativeTarget;
			buildConfigurationList = 3619A8621BAB014D00314E3C /* Build configuration list for PBXNativeTarget "Pedestrian StatusTests" */;
			buildPhases = (
				3619A8471BAB014D00314E3C /* Sources */,
				3619A8481BAB014D00314E3C /* Frameworks */,
				3619A8491BAB014D00314E3C /* Resources */,
			);
			buildRules = (
			);
			dependencies = (
				3619A84D1BAB014D00314E3C /* PBXTargetDependency */,
			);
			name = "Pedestrian StatusTests";
			productName = "Pedestrian StatusTests";
			productReference = 3619A84B1BAB014D00314E3C /* Pedestrian StatusTests.xctest */;
			productType = "com.apple.product-type.bundle.unit-test";
		};
		3619A8551BAB014D00314E3C /* Pedestrian StatusUITests */ = {
			isa = PBXNativeTarget;
			buildConfigurationList = 3619A8651BAB014D00314E3C /* Build configuration list for PBXNativeTarget "Pedestrian StatusUITests" */;
			buildPhases = (
				3619A8521BAB014D00314E3C /* Sources */,
				3619A8531BAB014D00314E3C /* Frameworks */,
				3619A8541BAB014D00314E3C /* Resources */,
			);
			buildRules = (
			);
			dependencies = (
				3619A8581BAB014D00314E3C /* PBXTargetDependency */,
			);
			name = "Pedestrian StatusUITests";
			productName = "Pedestrian StatusUITests";
			productReference = 3619A8561BAB014D00314E3C /* Pedestrian StatusUITests.xctest */;
			productType = "com.apple.product-type.bundle.ui-testing";
		};
/* End PBXNativeTarget section */

/* Begin PBXProject section */
		3619A82F1BAB014D00314E3C /* Project object */ = {
			isa = PBXProject;
			attributes = {
				LastUpgradeCheck = 0700;
				ORGANIZATIONNAME = "Can Sürmeli";
				TargetAttributes = {
					3619A8361BAB014D00314E3C = {
						CreatedOnToolsVersion = 7.0;
					};
					3619A84A1BAB014D00314E3C = {
						CreatedOnToolsVersion = 7.0;
						TestTargetID = 3619A8361BAB014D00314E3C;
					};
					3619A8551BAB014D00314E3C = {
						CreatedOnToolsVersion = 7.0;
						TestTargetID = 3619A8361BAB014D00314E3C;
					};
				};
			};
			buildConfigurationList = 3619A8321BAB014D00314E3C /* Build configuration list for PBXProject "Pedestrian Status" */;
			compatibilityVersion = "Xcode 3.2";
			developmentRegion = English;
			hasScannedForEncodings = 0;
			knownRegions = (
				en,
				Base,
			);
			mainGroup = 3619A82E1BAB014D00314E3C;
			productRefGroup = 3619A8381BAB014D00314E3C /* Products */;
			projectDirPath = "";
			projectRoot = "";
			targets = (
				3619A8361BAB014D00314E3C /* Pedestrian Status */,
				3619A84A1BAB014D00314E3C /* Pedestrian StatusTests */,
				3619A8551BAB014D00314E3C /* Pedestrian StatusUITests */,
			);
		};
/* End PBXProject section */

/* Begin PBXResourcesBuildPhase section */
		3619A8351BAB014D00314E3C /* Resources */ = {
			isa = PBXResourcesBuildPhase;
			buildActionMask = 2147483647;
			files = (
				3619A8451BAB014D00314E3C /* LaunchScreen.storyboard in Resources */,
				3619A8421BAB014D00314E3C /* Assets.xcassets in Resources */,
				3619A8401BAB014D00314E3C /* Main.storyboard in Resources */,
			);
			runOnlyForDeploymentPostprocessing = 0;
		};
		3619A8491BAB014D00314E3C /* Resources */ = {
			isa = PBXResourcesBuildPhase;
			buildActionMask = 2147483647;
			files = (
			);
			runOnlyForDeploymentPostprocessing = 0;
		};
		3619A8541BAB014D00314E3C /* Resources */ = {
			isa = PBXResourcesBuildPhase;
			buildActionMask = 2147483647;
			files = (
			);
			runOnlyForDeploymentPostprocessing = 0;
		};
/* End PBXResourcesBuildPhase section */

/* Begin PBXSourcesBuildPhase section */
		3619A8331BAB014D00314E3C /* Sources */ = {
			isa = PBXSourcesBuildPhase;
			buildActionMask = 2147483647;
			files = (
				3619A83D1BAB014D00314E3C /* ViewController.swift in Sources */,
				3619A83B1BAB014D00314E3C /* AppDelegate.swift in Sources */,
			);
			runOnlyForDeploymentPostprocessing = 0;
		};
		3619A8471BAB014D00314E3C /* Sources */ = {
			isa = PBXSourcesBuildPhase;
			buildActionMask = 2147483647;
			files = (
				3619A8501BAB014D00314E3C /* Pedestrian_StatusTests.swift in Sources */,
			);
			runOnlyForDeploymentPostprocessing = 0;
		};
		3619A8521BAB014D00314E3C /* Sources */ = {
			isa = PBXSourcesBuildPhase;
			buildActionMask = 2147483647;
			files = (
				3619A85B1BAB014D00314E3C /* Pedestrian_StatusUITests.swift in Sources */,
			);
			runOnlyForDeploymentPostprocessing = 0;
		};
/* End PBXSourcesBuildPhase section */

/* Begin PBXTargetDependency section */
		3619A84D1BAB014D00314E3C /* PBXTargetDependency */ = {
			isa = PBXTargetDependency;
			target = 3619A8361BAB014D00314E3C /* Pedestrian Status */;
			targetProxy = 3619A84C1BAB014D00314E3C /* PBXContainerItemProxy */;
		};
		3619A8581BAB014D00314E3C /* PBXTargetDependency */ = {
			isa = PBXTargetDependency;
			target = 3619A8361BAB014D00314E3C /* Pedestrian Status */;
			targetProxy = 3619A8571BAB014D00314E3C /* PBXContainerItemProxy */;
		};
/* End PBXTargetDependency section */

/* Begin PBXVariantGroup section */
		3619A83E1BAB014D00314E3C /* Main.storyboard */ = {
			isa = PBXVariantGroup;
			children = (
				3619A83F1BAB014D00314E3C /* Base */,
			);
			name = Main.storyboard;
			sourceTree = "<group>";
		};
		3619A8431BAB014D00314E3C /* LaunchScreen.storyboard */ = {
			isa = PBXVariantGroup;
			children = (
				3619A8441BAB014D00314E3C /* Base */,
			);
			name = LaunchScreen.storyboard;
			sourceTree = "<group>";
		};
/* End PBXVariantGroup section */

/* Begin XCBuildConfiguration section */
		3619A85D1BAB014D00314E3C /* Debug */ = {
			isa = XCBuildConfiguration;
			buildSettings = {
				ALWAYS_SEARCH_USER_PATHS = NO;
				CLANG_CXX_LANGUAGE_STANDARD = "gnu++0x";
				CLANG_CXX_LIBRARY = "libc++";
				CLANG_ENABLE_MODULES = YES;
				CLANG_ENABLE_OBJC_ARC = YES;
				CLANG_WARN_BOOL_CONVERSION = YES;
				CLANG_WARN_CONSTANT_CONVERSION = YES;
				CLANG_WARN_DIRECT_OBJC_ISA_USAGE = YES_ERROR;
				CLANG_WARN_EMPTY_BODY = YES;
				CLANG_WARN_ENUM_CONVERSION = YES;
				CLANG_WARN_INT_CONVERSION = YES;
				CLANG_WARN_OBJC_ROOT_CLASS = YES_ERROR;
				CLANG_WARN_UNREACHABLE_CODE = YES;
				CLANG_WARN__DUPLICATE_METHOD_MATCH = YES;
				"CODE_SIGN_IDENTITY[sdk=iphoneos*]" = "iPhone Developer";
				COPY_PHASE_STRIP = NO;
				DEBUG_INFORMATION_FORMAT = dwarf;
				ENABLE_STRICT_OBJC_MSGSEND = YES;
				ENABLE_TESTABILITY = YES;
				GCC_C_LANGUAGE_STANDARD = gnu99;
				GCC_DYNAMIC_NO_PIC = NO;
				GCC_NO_COMMON_BLOCKS = YES;
				GCC_OPTIMIZATION_LEVEL = 0;
				GCC_PREPROCESSOR_DEFINITIONS = (
					"DEBUG=1",
					"$(inherited)",
				);
				GCC_WARN_64_TO_32_BIT_CONVERSION = YES;
				GCC_WARN_ABOUT_RETURN_TYPE = YES_ERROR;
				GCC_WARN_UNDECLARED_SELECTOR = YES;
				GCC_WARN_UNINITIALIZED_AUTOS = YES_AGGRESSIVE;
				GCC_WARN_UNUSED_FUNCTION = YES;
				GCC_WARN_UNUSED_VARIABLE = YES;
				IPHONEOS_DEPLOYMENT_TARGET = 9.0;
				MTL_ENABLE_DEBUG_INFO = YES;
				ONLY_ACTIVE_ARCH = YES;
				SDKROOT = iphoneos;
				SWIFT_OPTIMIZATION_LEVEL = "-Onone";
			};
			name = Debug;
		};
		3619A85E1BAB014D00314E3C /* Release */ = {
			isa = XCBuildConfiguration;
			buildSettings = {
				ALWAYS_SEARCH_USER_PATHS = NO;
				CLANG_CXX_LANGUAGE_STANDARD = "gnu++0x";
				CLANG_CXX_LIBRARY = "libc++";
				CLANG_ENABLE_MODULES = YES;
				CLANG_ENABLE_OBJC_ARC = YES;
				CLANG_WARN_BOOL_CONVERSION = YES;
				CLANG_WARN_CONSTANT_CONVERSION = YES;
				CLANG_WARN_DIRECT_OBJC_ISA_USAGE = YES_ERROR;
				CLANG_WARN_EMPTY_BODY = YES;
				CLANG_WARN_ENUM_CONVERSION = YES;
				CLANG_WARN_INT_CONVERSION = YES;
				CLANG_WARN_OBJC_ROOT_CLASS = YES_ERROR;
				CLANG_WARN_UNREACHABLE_CODE = YES;
				CLANG_WARN__DUPLICATE_METHOD_MATCH = YES;
				"CODE_SIGN_IDENTITY[sdk=iphoneos*]" = "iPhone Developer";
				COPY_PHASE_STRIP = NO;
				DEBUG_INFORMATION_FORMAT = "dwarf-with-dsym";
				ENABLE_NS_ASSERTIONS = NO;
				ENABLE_STRICT_OBJC_MSGSEND = YES;
				GCC_C_LANGUAGE_STANDARD = gnu99;
				GCC_NO_COMMON_BLOCKS = YES;
				GCC_WARN_64_TO_32_BIT_CONVERSION = YES;
				GCC_WARN_ABOUT_RETURN_TYPE = YES_ERROR;
				GCC_WARN_UNDECLARED_SELECTOR = YES;
				GCC_WARN_UNINITIALIZED_AUTOS = YES_AGGRESSIVE;
				GCC_WARN_UNUSED_FUNCTION = YES;
				GCC_WARN_UNUSED_VARIABLE = YES;
				IPHONEOS_DEPLOYMENT_TARGET = 9.0;
				MTL_ENABLE_DEBUG_INFO = NO;
				SDKROOT = iphoneos;
				VALIDATE_PRODUCT = YES;
			};
			name = Release;
		};
		3619A8601BAB014D00314E3C /* Debug */ = {
			isa = XCBuildConfiguration;
			buildSettings = {
				ASSETCATALOG_COMPILER_APPICON_NAME = AppIcon;
				INFOPLIST_FILE = "Pedestrian Status/Info.plist";
				LD_RUNPATH_SEARCH_PATHS = "$(inherited) @executable_path/Frameworks";
				PRODUCT_BUNDLE_IDENTIFIER = "com.can.Pedestrian-Status";
				PRODUCT_NAME = "$(TARGET_NAME)";
			};
			name = Debug;
		};
		3619A8611BAB014D00314E3C /* Release */ = {
			isa = XCBuildConfiguration;
			buildSettings = {
				ASSETCATALOG_COMPILER_APPICON_NAME = AppIcon;
				INFOPLIST_FILE = "Pedestrian Status/Info.plist";
				LD_RUNPATH_SEARCH_PATHS = "$(inherited) @executable_path/Frameworks";
				PRODUCT_BUNDLE_IDENTIFIER = "com.can.Pedestrian-Status";
				PRODUCT_NAME = "$(TARGET_NAME)";
			};
			name = Release;
		};
		3619A8631BAB014D00314E3C /* Debug */ = {
			isa = XCBuildConfiguration;
			buildSettings = {
				BUNDLE_LOADER = "$(TEST_HOST)";
				INFOPLIST_FILE = "Pedestrian StatusTests/Info.plist";
				LD_RUNPATH_SEARCH_PATHS = "$(inherited) @executable_path/Frameworks @loader_path/Frameworks";
				PRODUCT_BUNDLE_IDENTIFIER = "com.can.Pedestrian-StatusTests";
				PRODUCT_NAME = "$(TARGET_NAME)";
				TEST_HOST = "$(BUILT_PRODUCTS_DIR)/Pedestrian Status.app/Pedestrian Status";
			};
			name = Debug;
		};
		3619A8641BAB014D00314E3C /* Release */ = {
			isa = XCBuildConfiguration;
			buildSettings = {
				BUNDLE_LOADER = "$(TEST_HOST)";
				INFOPLIST_FILE = "Pedestrian StatusTests/Info.plist";
				LD_RUNPATH_SEARCH_PATHS = "$(inherited) @executable_path/Frameworks @loader_path/Frameworks";
				PRODUCT_BUNDLE_IDENTIFIER = "com.can.Pedestrian-StatusTests";
				PRODUCT_NAME = "$(TARGET_NAME)";
				TEST_HOST = "$(BUILT_PRODUCTS_DIR)/Pedestrian Status.app/Pedestrian Status";
			};
			name = Release;
		};
		3619A8661BAB014D00314E3C /* Debug */ = {
			isa = XCBuildConfiguration;
			buildSettings = {
				INFOPLIST_FILE = "Pedestrian StatusUITests/Info.plist";
				LD_RUNPATH_SEARCH_PATHS = "$(inherited) @executable_path/Frameworks @loader_path/Frameworks";
				PRODUCT_BUNDLE_IDENTIFIER = "com.can.Pedestrian-StatusUITests";
				PRODUCT_NAME = "$(TARGET_NAME)";
				TEST_TARGET_NAME = "Pedestrian Status";
				USES_XCTRUNNER = YES;
			};
			name = Debug;
		};
		3619A8671BAB014D00314E3C /* Release */ = {
			isa = XCBuildConfiguration;
			buildSettings = {
				INFOPLIST_FILE = "Pedestrian StatusUITests/Info.plist";
				LD_RUNPATH_SEARCH_PATHS = "$(inherited) @executable_path/Frameworks @loader_path/Frameworks";
				PRODUCT_BUNDLE_IDENTIFIER = "com.can.Pedestrian-StatusUITests";
				PRODUCT_NAME = "$(TARGET_NAME)";
				TEST_TARGET_NAME = "Pedestrian Status";
				USES_XCTRUNNER = YES;
			};
			name = Release;
		};
/* End XCBuildConfiguration section */

/* Begin XCConfigurationList section */
		3619A8321BAB014D00314E3C /* Build configuration list for PBXProject "Pedestrian Status" */ = {
			isa = XCConfigurationList;
			buildConfigurations = (
				3619A85D1BAB014D00314E3C /* Debug */,
				3619A85E1BAB014D00314E3C /* Release */,
			);
			defaultConfigurationIsVisible = 0;
			defaultConfigurationName = Release;
		};
		3619A85F1BAB014D00314E3C /* Build configuration list for PBXNativeTarget "Pedestrian Status" */ = {
			isa = XCConfigurationList;
			buildConfigurations = (
				3619A8601BAB014D00314E3C /* Debug */,
				3619A8611BAB014D00314E3C /* Release */,
			);
			defaultConfigurationIsVisible = 0;
		};
		3619A8621BAB014D00314E3C /* Build configuration list for PBXNativeTarget "Pedestrian StatusTests" */ = {
			isa = XCConfigurationList;
			buildConfigurations = (
				3619A8631BAB014D00314E3C /* Debug */,
				3619A8641BAB014D00314E3C /* Release */,
			);
			defaultConfigurationIsVisible = 0;
		};
		3619A8651BAB014D00314E3C /* Build configuration list for PBXNativeTarget "Pedestrian StatusUITests" */ = {
			isa = XCConfigurationList;
			buildConfigurations = (
				3619A8661BAB014D00314E3C /* Debug */,
				3619A8671BAB014D00314E3C /* Release */,
			);
			defaultConfigurationIsVisible = 0;
		};
/* End XCConfigurationList section */
	};
	rootObject = 3619A82F1BAB014D00314E3C /* Project object */;
}
